
Microsoft Visual Studio Solution File, Format Version 12.00
# Visual Studio Version 17
VisualStudioVersion = 17.0.32014.148
MinimumVisualStudioVersion = 10.0.40219.1
Project("{9A19103F-16F7-4668-BE54-9A1E7A4F7556}") = "Cider.Server", "Cider.Server\Cider.Server.csproj", "{4737B5D7-8EFB-48DB-B554-2E731EAA9BFF}"
EndProject
Project("{9A19103F-16F7-4668-BE54-9A1E7A4F7556}") = "Cider.Client", "Cider.Client\Cider.Client.csproj", "{C0A2F2E0-C348-4169-981E-8EE489586FBE}"
EndProject
Project("{9A19103F-16F7-4668-BE54-9A1E7A4F7556}") = "Cider.Math", "Cider.Compute\Cider.Math.csproj", "{CC6A227E-9EE2-4557-9FF7-2280D20DD209}"
EndProject
Project("{2150E333-8FDC-42A3-9474-1A3956D46DE8}") = "ClassLib", "ClassLib", "{C21A96E8-6B31-4764-8DFB-49E75060D58E}"
EndProject
Project("{9A19103F-16F7-4668-BE54-9A1E7A4F7556}") = "Cider.Net", "Cider.Net\Cider.Net.csproj", "{F70A263E-FD2C-4627-BB7D-DBB582EFEE41}"
EndProject
Project("{9A19103F-16F7-4668-BE54-9A1E7A4F7556}") = "Cider.Global", "Cider.Global\Cider.Global.csproj", "{794EBC0B-0A76-4810-9C3B-9D39D8A02216}"
EndProject
Project("{2150E333-8FDC-42A3-9474-1A3956D46DE8}") = "ShareClasses", "ShareClasses", "{D48C6A8E-17CF-46B1-A420-DD21D84DC0E3}"
EndProject
Project("{D954291E-2A0B-460D-934E-DC6B0785DB48}") = "Extension", "EnumExtension\Extension.shproj", "{3DAC192B-717E-4447-814A-EF4734FF4F36}"
EndProject
Project("{9A19103F-16F7-4668-BE54-9A1E7A4F7556}") = "Cider.IO", "Cider.IO\Cider.IO.csproj", "{A34A34C7-D4A5-4D3C-B22E-A70092F2789A}"
EndProject
Project("{9A19103F-16F7-4668-BE54-9A1E7A4F7556}") = "Cider.Hash", "Cider.Hash\Cider.Hash.csproj", "{E2C645F8-640A-45E3-9FD1-FC42E3263A4A}"
EndProject
Project("{9A19103F-16F7-4668-BE54-9A1E7A4F7556}") = "Cider.Tests", "Cider.ServerTests\Cider.Tests.csproj", "{BFAAEBC5-0ABC-45A7-81F2-217EBCBE9806}"
EndProject
Global
	GlobalSection(SharedMSBuildProjectFiles) = preSolution
		EnumExtension\EnumExtension.projitems*{3dac192b-717e-4447-814a-ef4734ff4f36}*SharedItemsImports = 13
		EnumExtension\EnumExtension.projitems*{794ebc0b-0a76-4810-9c3b-9d39d8a02216}*SharedItemsImports = 5
		EnumExtension\EnumExtension.projitems*{f70a263e-fd2c-4627-bb7d-dbb582efee41}*SharedItemsImports = 5
	EndGlobalSection
	GlobalSection(SolutionConfigurationPlatforms) = preSolution
		Debug|Any CPU = Debug|Any CPU
		Release|Any CPU = Release|Any CPU
	EndGlobalSection
	GlobalSection(ProjectConfigurationPlatforms) = postSolution
		{4737B5D7-8EFB-48DB-B554-2E731EAA9BFF}.Debug|Any CPU.ActiveCfg = Debug|Any CPU
		{4737B5D7-8EFB-48DB-B554-2E731EAA9BFF}.Debug|Any CPU.Build.0 = Debug|Any CPU
		{4737B5D7-8EFB-48DB-B554-2E731EAA9BFF}.Release|Any CPU.ActiveCfg = Release|Any CPU
		{4737B5D7-8EFB-48DB-B554-2E731EAA9BFF}.Release|Any CPU.Build.0 = Release|Any CPU
		{C0A2F2E0-C348-4169-981E-8EE489586FBE}.Debug|Any CPU.ActiveCfg = Debug|Any CPU
		{C0A2F2E0-C348-4169-981E-8EE489586FBE}.Debug|Any CPU.Build.0 = Debug|Any CPU
		{C0A2F2E0-C348-4169-981E-8EE489586FBE}.Release|Any CPU.ActiveCfg = Release|Any CPU
		{C0A2F2E0-C348-4169-981E-8EE489586FBE}.Release|Any CPU.Build.0 = Release|Any CPU
		{CC6A227E-9EE2-4557-9FF7-2280D20DD209}.Debug|Any CPU.ActiveCfg = Debug|Any CPU
		{CC6A227E-9EE2-4557-9FF7-2280D20DD209}.Debug|Any CPU.Build.0 = Debug|Any CPU
		{CC6A227E-9EE2-4557-9FF7-2280D20DD209}.Release|Any CPU.ActiveCfg = Release|Any CPU
		{CC6A227E-9EE2-4557-9FF7-2280D20DD209}.Release|Any CPU.Build.0 = Release|Any CPU
		{F70A263E-FD2C-4627-BB7D-DBB582EFEE41}.Debug|Any CPU.ActiveCfg = Debug|Any CPU
		{F70A263E-FD2C-4627-BB7D-DBB582EFEE41}.Debug|Any CPU.Build.0 = Debug|Any CPU
		{F70A263E-FD2C-4627-BB7D-DBB582EFEE41}.Release|Any CPU.ActiveCfg = Release|Any CPU
		{F70A263E-FD2C-4627-BB7D-DBB582EFEE41}.Release|Any CPU.Build.0 = Release|Any CPU
		{794EBC0B-0A76-4810-9C3B-9D39D8A02216}.Debug|Any CPU.ActiveCfg = Debug|Any CPU
		{794EBC0B-0A76-4810-9C3B-9D39D8A02216}.Debug|Any CPU.Build.0 = Debug|Any CPU
		{794EBC0B-0A76-4810-9C3B-9D39D8A02216}.Release|Any CPU.ActiveCfg = Release|Any CPU
		{794EBC0B-0A76-4810-9C3B-9D39D8A02216}.Release|Any CPU.Build.0 = Release|Any CPU
		{A34A34C7-D4A5-4D3C-B22E-A70092F2789A}.Debug|Any CPU.ActiveCfg = Debug|Any CPU
		{A34A34C7-D4A5-4D3C-B22E-A70092F2789A}.Debug|Any CPU.Build.0 = Debug|Any CPU
		{A34A34C7-D4A5-4D3C-B22E-A70092F2789A}.Release|Any CPU.ActiveCfg = Release|Any CPU
		{A34A34C7-D4A5-4D3C-B22E-A70092F2789A}.Release|Any CPU.Build.0 = Release|Any CPU
		{E2C645F8-640A-45E3-9FD1-FC42E3263A4A}.Debug|Any CPU.ActiveCfg = Debug|Any CPU
		{E2C645F8-640A-45E3-9FD1-FC42E3263A4A}.Debug|Any CPU.Build.0 = Debug|Any CPU
		{E2C645F8-640A-45E3-9FD1-FC42E3263A4A}.Release|Any CPU.ActiveCfg = Release|Any CPU
		{E2C645F8-640A-45E3-9FD1-FC42E3263A4A}.Release|Any CPU.Build.0 = Release|Any CPU
		{BFAAEBC5-0ABC-45A7-81F2-217EBCBE9806}.Debug|Any CPU.ActiveCfg = Debug|Any CPU
		{BFAAEBC5-0ABC-45A7-81F2-217EBCBE9806}.Debug|Any CPU.Build.0 = Debug|Any CPU
		{BFAAEBC5-0ABC-45A7-81F2-217EBCBE9806}.Release|Any CPU.ActiveCfg = Release|Any CPU
		{BFAAEBC5-0ABC-45A7-81F2-217EBCBE9806}.Release|Any CPU.Build.0 = Release|Any CPU
	EndGlobalSection
	GlobalSection(SolutionProperties) = preSolution
		HideSolutionNode = FALSE
	EndGlobalSection
	GlobalSection(NestedProjects) = preSolution
		{CC6A227E-9EE2-4557-9FF7-2280D20DD209} = {C21A96E8-6B31-4764-8DFB-49E75060D58E}
		{F70A263E-FD2C-4627-BB7D-DBB582EFEE41} = {C21A96E8-6B31-4764-8DFB-49E75060D58E}
		{794EBC0B-0A76-4810-9C3B-9D39D8A02216} = {C21A96E8-6B31-4764-8DFB-49E75060D58E}
		{3DAC192B-717E-4447-814A-EF4734FF4F36} = {D48C6A8E-17CF-46B1-A420-DD21D84DC0E3}
		{A34A34C7-D4A5-4D3C-B22E-A70092F2789A} = {C21A96E8-6B31-4764-8DFB-49E75060D58E}
		{E2C645F8-640A-45E3-9FD1-FC42E3263A4A} = {C21A96E8-6B31-4764-8DFB-49E75060D58E}
	EndGlobalSection
	GlobalSection(ExtensibilityGlobals) = postSolution
		SolutionGuid = {9B0A7A33-9B08-4253-9A6A-770D746293E0}
	EndGlobalSection
EndGlobal
